
Microsoft Visual Studio Solution File, Format Version 12.00
# Visual Studio Version 16
VisualStudioVersion = 16.0.30523.141
MinimumVisualStudioVersion = 10.0.40219.1
Project("{9A19103F-16F7-4668-BE54-9A1E7A4F7556}") = "MDC", "MDC\MDC.csproj", "{50ABA1B3-BD65-4D7E-AFEF-3C6128889B83}"
EndProject
Project("{9A19103F-16F7-4668-BE54-9A1E7A4F7556}") = "MDC.Loader", "MDC.Loader\MDC.Loader.csproj", "{491DEAD9-549F-4D84-8D44-25E32734E809}"
EndProject
Global
	GlobalSection(SolutionConfigurationPlatforms) = preSolution
		Debug|Any CPU = Debug|Any CPU
		Release|Any CPU = Release|Any CPU
	EndGlobalSection
	GlobalSection(ProjectConfigurationPlatforms) = postSolution
		{50ABA1B3-BD65-4D7E-AFEF-3C6128889B83}.Debug|Any CPU.ActiveCfg = Debug|Any CPU
		{50ABA1B3-BD65-4D7E-AFEF-3C6128889B83}.Debug|Any CPU.Build.0 = Debug|Any CPU
		{50ABA1B3-BD65-4D7E-AFEF-3C6128889B83}.Release|Any CPU.ActiveCfg = Release|Any CPU
		{50ABA1B3-BD65-4D7E-AFEF-3C6128889B83}.Release|Any CPU.Build.0 = Release|Any CPU
		{491DEAD9-549F-4D84-8D44-25E32734E809}.Debug|Any CPU.ActiveCfg = Debug|Any CPU
		{491DEAD9-549F-4D84-8D44-25E32734E809}.Debug|Any CPU.Build.0 = Debug|Any CPU
		{491DEAD9-549F-4D84-8D44-25E32734E809}.Release|Any CPU.ActiveCfg = Release|Any CPU
		{491DEAD9-549F-4D84-8D44-25E32734E809}.Release|Any CPU.Build.0 = Release|Any CPU
	EndGlobalSection
	GlobalSection(SolutionProperties) = preSolution
		HideSolutionNode = FALSE
	EndGlobalSection
	GlobalSection(ExtensibilityGlobals) = postSolution
		SolutionGuid = {1FD4A09C-2D3B-49E0-BFE3-5593E73FA5AC}
	EndGlobalSection
EndGlobal
